
Microsoft Visual Studio Solution File, Format Version 12.00
# Visual Studio 2013
VisualStudioVersion = 12.0.21005.1
MinimumVisualStudioVersion = 10.0.40219.1
Project("{2150E333-8FDC-42A3-9474-1A3956D46DE8}") = "_Core", "_Core", "{7AB106B6-1B92-4268-9EC3-06D53AEC75D1}"
EndProject
Project("{FAE04EC0-301F-11D3-BF4B-00C04F79EFBC}") = "WMS.Core.Cache", "WMS.Core.Cache\WMS.Core.Cache.csproj", "{D5714113-9B82-4590-92DF-BF35A1847313}"
EndProject
Project("{2150E333-8FDC-42A3-9474-1A3956D46DE8}") = "_Document", "_Document", "{031FB0CC-E6BE-4F92-A0D9-CED4245225F4}"
EndProject
Project("{FAE04EC0-301F-11D3-BF4B-00C04F79EFBC}") = "Import", "Import\Import.csproj", "{AD9717E3-19A5-4C1E-B638-18F453273667}"
EndProject
Project("{FAE04EC0-301F-11D3-BF4B-00C04F79EFBC}") = "WMS.Web", "WMS.Web\WMS.Web.csproj", "{2B20B43E-3A55-4CCD-B82E-7D48A6D9F2DA}"
EndProject
Project("{FAE04EC0-301F-11D3-BF4B-00C04F79EFBC}") = "WMS.Core.Config", "WMS.Core.Config\WMS.Core.Config.csproj", "{DBA168FA-8153-46B3-8E43-8804F3D187EB}"
EndProject
Project("{FAE04EC0-301F-11D3-BF4B-00C04F79EFBC}") = "WMS.Core.Log", "WMS.Core.Log\WMS.Core.Log.csproj", "{267D4754-8AAE-46E0-931F-D2743A6C7F72}"
EndProject
Project("{FAE04EC0-301F-11D3-BF4B-00C04F79EFBC}") = "WMS.Core.Module", "WMS.Core.Module\WMS.Core.Module.csproj", "{80C580D4-CC1F-4E00-9639-64E21D205C67}"
EndProject
Project("{FAE04EC0-301F-11D3-BF4B-00C04F79EFBC}") = "WMS.Core.Service", "WMS.Core.Service\WMS.Core.Service.csproj", "{B7BD7DEE-681E-45F4-B66D-EBC63833F31D}"
EndProject
Project("{2150E333-8FDC-42A3-9474-1A3956D46DE8}") = "_Common", "_Common", "{49BE96CC-9881-4F9C-B82B-C880CC507D9A}"
EndProject
Project("{FAE04EC0-301F-11D3-BF4B-00C04F79EFBC}") = "WMS.Common.Utility", "WMS.Common.Utility\WMS.Common.Utility.csproj", "{B4365FD5-5D8A-496E-939B-356F96E47927}"
EndProject
Project("{FAE04EC0-301F-11D3-BF4B-00C04F79EFBC}") = "WMS.Common.Web", "WMS.Common.Web\WMS.Common.Web.csproj", "{7ABFFA97-364E-4109-9FDB-084CAFF5201C}"
EndProject
Project("{FAE04EC0-301F-11D3-BF4B-00C04F79EFBC}") = "WMS.Common.Contract", "WMS.Common.Contract\WMS.Common.Contract.csproj", "{8A4ADC6B-FAFD-464A-A139-AC7DD293898C}"
EndProject
Project("{2150E333-8FDC-42A3-9474-1A3956D46DE8}") = "Web", "Web", "{B8D01574-0534-4F6B-B009-D4A0F2630FEA}"
EndProject
Project("{2150E333-8FDC-42A3-9474-1A3956D46DE8}") = "Account", "Account", "{7CCD2C8B-D649-4EC1-BA84-68CD3F36A44C}"
EndProject
Project("{FAE04EC0-301F-11D3-BF4B-00C04F79EFBC}") = "WMS.Account.Contract", "WMS.Account.Contract\WMS.Account.Contract.csproj", "{8EDADF3F-6192-4086-BBE5-16F7D133FF7F}"
EndProject
Project("{FAE04EC0-301F-11D3-BF4B-00C04F79EFBC}") = "WMS.Account.BLL", "WMS.Account.BLL\WMS.Account.BLL.csproj", "{70F04AC3-1150-40ED-B637-C68450789508}"
EndProject
Project("{FAE04EC0-301F-11D3-BF4B-00C04F79EFBC}") = "WMS.Account.DAL", "WMS.Account.DAL\WMS.Account.DAL.csproj", "{A40882B3-7AAD-4FAF-8469-B681FA37A7F9}"
EndProject
Project("{FAE04EC0-301F-11D3-BF4B-00C04F79EFBC}") = "WMS.Core.Upload", "WMS.Core.Upload\WMS.Core.Upload.csproj", "{6D935215-FA8A-4FBD-963D-D4BAA83F49DA}"
EndProject
Project("{FAE04EC0-301F-11D3-BF4B-00C04F79EFBC}") = "WMS.Common.Reids", "WMS.Common.Reids\WMS.Common.Reids.csproj", "{F5F78937-4FDB-4681-A8F1-952D561C97A5}"
EndProject
Project("{FAE04EC0-301F-11D3-BF4B-00C04F79EFBC}") = "WMS.Web.Admin", "WMS.Web.Admin\WMS.Web.Admin.csproj", "{273A56BB-C9F9-43F4-8E52-74B7867D3953}"
EndProject
Project("{FAE04EC0-301F-11D3-BF4B-00C04F79EFBC}") = "WMS.Web.Admin.Tests", "WMS.Web.Admin.Tests\WMS.Web.Admin.Tests.csproj", "{8DE6F0E4-FF9C-48ED-8AC1-2F9606610345}"
EndProject
Global
	GlobalSection(SolutionConfigurationPlatforms) = preSolution
		Debug|Any CPU = Debug|Any CPU
		Release|Any CPU = Release|Any CPU
	EndGlobalSection
	GlobalSection(ProjectConfigurationPlatforms) = postSolution
		{D5714113-9B82-4590-92DF-BF35A1847313}.Debug|Any CPU.ActiveCfg = Debug|Any CPU
		{D5714113-9B82-4590-92DF-BF35A1847313}.Debug|Any CPU.Build.0 = Debug|Any CPU
		{D5714113-9B82-4590-92DF-BF35A1847313}.Release|Any CPU.ActiveCfg = Release|Any CPU
		{D5714113-9B82-4590-92DF-BF35A1847313}.Release|Any CPU.Build.0 = Release|Any CPU
		{AD9717E3-19A5-4C1E-B638-18F453273667}.Debug|Any CPU.ActiveCfg = Debug|Any CPU
		{AD9717E3-19A5-4C1E-B638-18F453273667}.Debug|Any CPU.Build.0 = Debug|Any CPU
		{AD9717E3-19A5-4C1E-B638-18F453273667}.Release|Any CPU.ActiveCfg = Release|Any CPU
		{AD9717E3-19A5-4C1E-B638-18F453273667}.Release|Any CPU.Build.0 = Release|Any CPU
		{2B20B43E-3A55-4CCD-B82E-7D48A6D9F2DA}.Debug|Any CPU.ActiveCfg = Debug|Any CPU
		{2B20B43E-3A55-4CCD-B82E-7D48A6D9F2DA}.Debug|Any CPU.Build.0 = Debug|Any CPU
		{2B20B43E-3A55-4CCD-B82E-7D48A6D9F2DA}.Release|Any CPU.ActiveCfg = Release|Any CPU
		{2B20B43E-3A55-4CCD-B82E-7D48A6D9F2DA}.Release|Any CPU.Build.0 = Release|Any CPU
		{DBA168FA-8153-46B3-8E43-8804F3D187EB}.Debug|Any CPU.ActiveCfg = Debug|Any CPU
		{DBA168FA-8153-46B3-8E43-8804F3D187EB}.Debug|Any CPU.Build.0 = Debug|Any CPU
		{DBA168FA-8153-46B3-8E43-8804F3D187EB}.Release|Any CPU.ActiveCfg = Release|Any CPU
		{DBA168FA-8153-46B3-8E43-8804F3D187EB}.Release|Any CPU.Build.0 = Release|Any CPU
		{267D4754-8AAE-46E0-931F-D2743A6C7F72}.Debug|Any CPU.ActiveCfg = Debug|Any CPU
		{267D4754-8AAE-46E0-931F-D2743A6C7F72}.Debug|Any CPU.Build.0 = Debug|Any CPU
		{267D4754-8AAE-46E0-931F-D2743A6C7F72}.Release|Any CPU.ActiveCfg = Release|Any CPU
		{267D4754-8AAE-46E0-931F-D2743A6C7F72}.Release|Any CPU.Build.0 = Release|Any CPU
		{80C580D4-CC1F-4E00-9639-64E21D205C67}.Debug|Any CPU.ActiveCfg = Debug|Any CPU
		{80C580D4-CC1F-4E00-9639-64E21D205C67}.Debug|Any CPU.Build.0 = Debug|Any CPU
		{80C580D4-CC1F-4E00-9639-64E21D205C67}.Release|Any CPU.ActiveCfg = Release|Any CPU
		{80C580D4-CC1F-4E00-9639-64E21D205C67}.Release|Any CPU.Build.0 = Release|Any CPU
		{B7BD7DEE-681E-45F4-B66D-EBC63833F31D}.Debug|Any CPU.ActiveCfg = Debug|Any CPU
		{B7BD7DEE-681E-45F4-B66D-EBC63833F31D}.Debug|Any CPU.Build.0 = Debug|Any CPU
		{B7BD7DEE-681E-45F4-B66D-EBC63833F31D}.Release|Any CPU.ActiveCfg = Release|Any CPU
		{B7BD7DEE-681E-45F4-B66D-EBC63833F31D}.Release|Any CPU.Build.0 = Release|Any CPU
		{B4365FD5-5D8A-496E-939B-356F96E47927}.Debug|Any CPU.ActiveCfg = Debug|Any CPU
		{B4365FD5-5D8A-496E-939B-356F96E47927}.Debug|Any CPU.Build.0 = Debug|Any CPU
		{B4365FD5-5D8A-496E-939B-356F96E47927}.Release|Any CPU.ActiveCfg = Release|Any CPU
		{B4365FD5-5D8A-496E-939B-356F96E47927}.Release|Any CPU.Build.0 = Release|Any CPU
		{7ABFFA97-364E-4109-9FDB-084CAFF5201C}.Debug|Any CPU.ActiveCfg = Debug|Any CPU
		{7ABFFA97-364E-4109-9FDB-084CAFF5201C}.Debug|Any CPU.Build.0 = Debug|Any CPU
		{7ABFFA97-364E-4109-9FDB-084CAFF5201C}.Release|Any CPU.ActiveCfg = Release|Any CPU
		{7ABFFA97-364E-4109-9FDB-084CAFF5201C}.Release|Any CPU.Build.0 = Release|Any CPU
		{8A4ADC6B-FAFD-464A-A139-AC7DD293898C}.Debug|Any CPU.ActiveCfg = Debug|Any CPU
		{8A4ADC6B-FAFD-464A-A139-AC7DD293898C}.Debug|Any CPU.Build.0 = Debug|Any CPU
		{8A4ADC6B-FAFD-464A-A139-AC7DD293898C}.Release|Any CPU.ActiveCfg = Release|Any CPU
		{8A4ADC6B-FAFD-464A-A139-AC7DD293898C}.Release|Any CPU.Build.0 = Release|Any CPU
		{8EDADF3F-6192-4086-BBE5-16F7D133FF7F}.Debug|Any CPU.ActiveCfg = Debug|Any CPU
		{8EDADF3F-6192-4086-BBE5-16F7D133FF7F}.Debug|Any CPU.Build.0 = Debug|Any CPU
		{8EDADF3F-6192-4086-BBE5-16F7D133FF7F}.Release|Any CPU.ActiveCfg = Release|Any CPU
		{8EDADF3F-6192-4086-BBE5-16F7D133FF7F}.Release|Any CPU.Build.0 = Release|Any CPU
		{70F04AC3-1150-40ED-B637-C68450789508}.Debug|Any CPU.ActiveCfg = Debug|Any CPU
		{70F04AC3-1150-40ED-B637-C68450789508}.Debug|Any CPU.Build.0 = Debug|Any CPU
		{70F04AC3-1150-40ED-B637-C68450789508}.Release|Any CPU.ActiveCfg = Release|Any CPU
		{70F04AC3-1150-40ED-B637-C68450789508}.Release|Any CPU.Build.0 = Release|Any CPU
		{A40882B3-7AAD-4FAF-8469-B681FA37A7F9}.Debug|Any CPU.ActiveCfg = Debug|Any CPU
		{A40882B3-7AAD-4FAF-8469-B681FA37A7F9}.Debug|Any CPU.Build.0 = Debug|Any CPU
		{A40882B3-7AAD-4FAF-8469-B681FA37A7F9}.Release|Any CPU.ActiveCfg = Release|Any CPU
		{A40882B3-7AAD-4FAF-8469-B681FA37A7F9}.Release|Any CPU.Build.0 = Release|Any CPU
		{6D935215-FA8A-4FBD-963D-D4BAA83F49DA}.Debug|Any CPU.ActiveCfg = Debug|Any CPU
		{6D935215-FA8A-4FBD-963D-D4BAA83F49DA}.Debug|Any CPU.Build.0 = Debug|Any CPU
		{6D935215-FA8A-4FBD-963D-D4BAA83F49DA}.Release|Any CPU.ActiveCfg = Release|Any CPU
		{6D935215-FA8A-4FBD-963D-D4BAA83F49DA}.Release|Any CPU.Build.0 = Release|Any CPU
		{F5F78937-4FDB-4681-A8F1-952D561C97A5}.Debug|Any CPU.ActiveCfg = Debug|Any CPU
		{F5F78937-4FDB-4681-A8F1-952D561C97A5}.Debug|Any CPU.Build.0 = Debug|Any CPU
		{F5F78937-4FDB-4681-A8F1-952D561C97A5}.Release|Any CPU.ActiveCfg = Release|Any CPU
		{F5F78937-4FDB-4681-A8F1-952D561C97A5}.Release|Any CPU.Build.0 = Release|Any CPU
		{273A56BB-C9F9-43F4-8E52-74B7867D3953}.Debug|Any CPU.ActiveCfg = Debug|Any CPU
		{273A56BB-C9F9-43F4-8E52-74B7867D3953}.Debug|Any CPU.Build.0 = Debug|Any CPU
		{273A56BB-C9F9-43F4-8E52-74B7867D3953}.Release|Any CPU.ActiveCfg = Release|Any CPU
		{273A56BB-C9F9-43F4-8E52-74B7867D3953}.Release|Any CPU.Build.0 = Release|Any CPU
		{8DE6F0E4-FF9C-48ED-8AC1-2F9606610345}.Debug|Any CPU.ActiveCfg = Debug|Any CPU
		{8DE6F0E4-FF9C-48ED-8AC1-2F9606610345}.Debug|Any CPU.Build.0 = Debug|Any CPU
		{8DE6F0E4-FF9C-48ED-8AC1-2F9606610345}.Release|Any CPU.ActiveCfg = Release|Any CPU
		{8DE6F0E4-FF9C-48ED-8AC1-2F9606610345}.Release|Any CPU.Build.0 = Release|Any CPU
	EndGlobalSection
	GlobalSection(SolutionProperties) = preSolution
		HideSolutionNode = FALSE
	EndGlobalSection
	GlobalSection(NestedProjects) = preSolution
		{D5714113-9B82-4590-92DF-BF35A1847313} = {7AB106B6-1B92-4268-9EC3-06D53AEC75D1}
		{DBA168FA-8153-46B3-8E43-8804F3D187EB} = {7AB106B6-1B92-4268-9EC3-06D53AEC75D1}
		{267D4754-8AAE-46E0-931F-D2743A6C7F72} = {7AB106B6-1B92-4268-9EC3-06D53AEC75D1}
		{80C580D4-CC1F-4E00-9639-64E21D205C67} = {7AB106B6-1B92-4268-9EC3-06D53AEC75D1}
		{B7BD7DEE-681E-45F4-B66D-EBC63833F31D} = {7AB106B6-1B92-4268-9EC3-06D53AEC75D1}
		{6D935215-FA8A-4FBD-963D-D4BAA83F49DA} = {7AB106B6-1B92-4268-9EC3-06D53AEC75D1}
		{AD9717E3-19A5-4C1E-B638-18F453273667} = {031FB0CC-E6BE-4F92-A0D9-CED4245225F4}
		{2B20B43E-3A55-4CCD-B82E-7D48A6D9F2DA} = {B8D01574-0534-4F6B-B009-D4A0F2630FEA}
		{273A56BB-C9F9-43F4-8E52-74B7867D3953} = {B8D01574-0534-4F6B-B009-D4A0F2630FEA}
		{8DE6F0E4-FF9C-48ED-8AC1-2F9606610345} = {B8D01574-0534-4F6B-B009-D4A0F2630FEA}
		{B4365FD5-5D8A-496E-939B-356F96E47927} = {49BE96CC-9881-4F9C-B82B-C880CC507D9A}
		{7ABFFA97-364E-4109-9FDB-084CAFF5201C} = {49BE96CC-9881-4F9C-B82B-C880CC507D9A}
		{8A4ADC6B-FAFD-464A-A139-AC7DD293898C} = {49BE96CC-9881-4F9C-B82B-C880CC507D9A}
		{F5F78937-4FDB-4681-A8F1-952D561C97A5} = {49BE96CC-9881-4F9C-B82B-C880CC507D9A}
		{8EDADF3F-6192-4086-BBE5-16F7D133FF7F} = {7CCD2C8B-D649-4EC1-BA84-68CD3F36A44C}
		{70F04AC3-1150-40ED-B637-C68450789508} = {7CCD2C8B-D649-4EC1-BA84-68CD3F36A44C}
		{A40882B3-7AAD-4FAF-8469-B681FA37A7F9} = {7CCD2C8B-D649-4EC1-BA84-68CD3F36A44C}
	EndGlobalSection
EndGlobal
